
Microsoft Visual Studio Solution File, Format Version 12.00
# Visual Studio Version 17
VisualStudioVersion = 17.5.33627.172
MinimumVisualStudioVersion = 10.0.40219.1
Project("{888888A0-9F3D-457C-B088-3A5042F75D52}") = "Python- QR Code Generator", "Python- QR Code Generator.pyproj", "{0031A07F-AA81-4793-AD53-B75451284CA3}"
EndProject
Global
	GlobalSection(SolutionConfigurationPlatforms) = preSolution
		Debug|Any CPU = Debug|Any CPU
		Release|Any CPU = Release|Any CPU
	EndGlobalSection
	GlobalSection(ProjectConfigurationPlatforms) = postSolution
		{0031A07F-AA81-4793-AD53-B75451284CA3}.Debug|Any CPU.ActiveCfg = Debug|Any CPU
		{0031A07F-AA81-4793-AD53-B75451284CA3}.Release|Any CPU.ActiveCfg = Release|Any CPU
	EndGlobalSection
	GlobalSection(SolutionProperties) = preSolution
		HideSolutionNode = FALSE
	EndGlobalSection
	GlobalSection(ExtensibilityGlobals) = postSolution
		SolutionGuid = {A2F42EDB-2D5C-4A25-B219-1467501BD20D}
	EndGlobalSection
EndGlobal
